
Microsoft Visual Studio Solution File, Format Version 12.00
# Visual Studio Version 16
VisualStudioVersion = 16.0.31019.35
MinimumVisualStudioVersion = 10.0.40219.1
Project("{9A19103F-16F7-4668-BE54-9A1E7A4F7556}") = "Articles", "Articles.csproj", "{80DE2DF9-F34D-4AA5-A905-454B81322422}"
EndProject
Global
	GlobalSection(SolutionConfigurationPlatforms) = preSolution
		Debug|Any CPU = Debug|Any CPU
		Release|Any CPU = Release|Any CPU
	EndGlobalSection
	GlobalSection(ProjectConfigurationPlatforms) = postSolution
		{80DE2DF9-F34D-4AA5-A905-454B81322422}.Debug|Any CPU.ActiveCfg = Debug|Any CPU
		{80DE2DF9-F34D-4AA5-A905-454B81322422}.Debug|Any CPU.Build.0 = Debug|Any CPU
		{80DE2DF9-F34D-4AA5-A905-454B81322422}.Release|Any CPU.ActiveCfg = Release|Any CPU
		{80DE2DF9-F34D-4AA5-A905-454B81322422}.Release|Any CPU.Build.0 = Release|Any CPU
	EndGlobalSection
	GlobalSection(SolutionProperties) = preSolution
		HideSolutionNode = FALSE
	EndGlobalSection
	GlobalSection(ExtensibilityGlobals) = postSolution
		SolutionGuid = {713B02C0-A8AA-42A9-BC8D-AB84A3F66DAD}
	EndGlobalSection
EndGlobal
